# This file is automatically @generated by Cargo.
# It is not intended for manual editing.
version = 4

[[package]]
name = "andromeda-catalog"
version = "0.1.0"
dependencies = [
 "andromeda-core",
]

[[package]]
name = "andromeda-cli"
version = "0.1.0"
dependencies = [
 "andromeda-catalog",
 "andromeda-core",
 "andromeda-exec",
 "andromeda-observe",
 "andromeda-srpl",
 "andromeda-storage",
]

[[package]]
name = "andromeda-core"
version = "0.1.0"

[[package]]
name = "andromeda-exec"
version = "0.1.0"
dependencies = [
 "andromeda-catalog",
 "andromeda-core",
 "andromeda-observe",
 "andromeda-proto",
 "andromeda-srpl",
 "andromeda-storage",
 "andromeda-tx",
]

[[package]]
name = "andromeda-observe"
version = "0.1.0"
dependencies = [
 "andromeda-core",
]

[[package]]
name = "andromeda-proto"
version = "0.1.0"
dependencies = [
 "andromeda-core",
]

[[package]]
name = "andromeda-quic"
version = "0.1.0"
dependencies = [
 "andromeda-core",
]

[[package]]
name = "andromeda-srpl"
version = "0.1.0"
dependencies = [
 "andromeda-catalog",
 "andromeda-core",
]

[[package]]
name = "andromeda-storage"
version = "0.1.0"
dependencies = [
 "andromeda-core",
 "andromeda-observe",
]

[[package]]
name = "andromeda-tx"
version = "0.1.0"
dependencies = [
 "andromeda-core",
 "andromeda-observe",
]
